
Microsoft Visual Studio Solution File, Format Version 12.00
# Visual Studio Version 16
VisualStudioVersion = 16.0.28803.202
MinimumVisualStudioVersion = 10.0.40219.1
Project("{FAE04EC0-301F-11D3-BF4B-00C04F79EFBC}") = "NEO_PrivateKey_QRCode_Generator", "NEO_PrivateKey_QRCode_Generator.csproj", "{705B4BDA-0721-4196-A04F-A61B9A3C1201}"
EndProject
Global
	GlobalSection(SolutionConfigurationPlatforms) = preSolution
		Debug|Any CPU = Debug|Any CPU
		Release|Any CPU = Release|Any CPU
	EndGlobalSection
	GlobalSection(ProjectConfigurationPlatforms) = postSolution
		{705B4BDA-0721-4196-A04F-A61B9A3C1201}.Debug|Any CPU.ActiveCfg = Debug|Any CPU
		{705B4BDA-0721-4196-A04F-A61B9A3C1201}.Debug|Any CPU.Build.0 = Debug|Any CPU
		{705B4BDA-0721-4196-A04F-A61B9A3C1201}.Release|Any CPU.ActiveCfg = Release|Any CPU
		{705B4BDA-0721-4196-A04F-A61B9A3C1201}.Release|Any CPU.Build.0 = Release|Any CPU
	EndGlobalSection
	GlobalSection(SolutionProperties) = preSolution
		HideSolutionNode = FALSE
	EndGlobalSection
	GlobalSection(ExtensibilityGlobals) = postSolution
		SolutionGuid = {7B64EE81-26C6-4EB5-A96F-2B699E9AD498}
	EndGlobalSection
EndGlobal
